{
  "version": 4,
  "terraform_version": "0.12.0",
  "serial": 6,
  "lineage": "075c8831-266e-4d5e-fae1-685846fe6500",
  "outputs": {},
  "resources": [
    {
      "mode": "managed",
      "type": "aws_instance",
      "name": "example",
      "provider": "provider.aws",
      "instances": [
        {
          "schema_version": 1,
          "attributes": {
            "ami": "ami-0f9ae750e8274075b",
            "arn": "arn:aws:ec2:ap-northeast-1:672766739817:instance/i-04f34c623594fc2c6",
            "associate_public_ip_address": true,
            "availability_zone": "ap-northeast-1d",
            "cpu_core_count": 1,
            "cpu_threads_per_core": 2,
            "credit_specification": [
              {
                "cpu_credits": "unlimited"
              }
            ],
            "disable_api_termination": false,
            "ebs_block_device": [],
            "ebs_optimized": false,
            "ephemeral_block_device": [],
            "get_password_data": false,
            "host_id": null,
            "iam_instance_profile": "",
            "id": "i-04f34c623594fc2c6",
            "instance_initiated_shutdown_behavior": null,
            "instance_state": "running",
            "instance_type": "t3.micro",
            "ipv6_address_count": 0,
            "ipv6_addresses": [],
            "key_name": "",
            "monitoring": false,
            "network_interface": [],
            "network_interface_id": null,
            "password_data": "",
            "placement_group": "",
            "primary_network_interface_id": "eni-00adec2e6c0313f20",
            "private_dns": "ip-172-31-25-104.ap-northeast-1.compute.internal",
            "private_ip": "172.31.25.104",
            "public_dns": "ec2-3-112-84-228.ap-northeast-1.compute.amazonaws.com",
            "public_ip": "3.112.84.228",
            "root_block_device": [
              {
                "delete_on_termination": true,
                "encrypted": false,
                "iops": 100,
                "kms_key_id": "",
                "volume_id": "vol-066e6c28b1f46c631",
                "volume_size": 8,
                "volume_type": "gp2"
              }
            ],
            "security_groups": [
              "default"
            ],
            "source_dest_check": true,
            "subnet_id": "subnet-79b45f52",
            "tags": null,
            "tenancy": "default",
            "timeouts": {
              "create": null,
              "delete": null,
              "update": null
            },
            "user_data": "655c303ddd9e02635f849fe2993693f147f4baf1",
            "user_data_base64": null,
            "volume_tags": {},
            "vpc_security_group_ids": [
              "sg-6382f11e"
            ]
          }
        }
      ]
    }
  ]
}
