{
  "version": 4,
  "terraform_version": "0.12.0",
  "serial": 5,
  "lineage": "49a6512e-a052-0d90-7487-085867718233",
  "outputs": {},
  "resources": [
    {
      "mode": "data",
      "type": "aws_ami",
      "name": "recent_amazon_linux_2",
      "provider": "provider.aws",
      "instances": [
        {
          "schema_version": 0,
          "attributes": {
            "architecture": "x86_64",
            "block_device_mappings": [
              {
                "device_name": "/dev/xvda",
                "ebs": {
                  "delete_on_termination": "true",
                  "encrypted": "false",
                  "iops": "0",
                  "snapshot_id": "snap-08a7cb489033af8c7",
                  "volume_size": "8",
                  "volume_type": "gp2"
                },
                "no_device": "",
                "virtual_name": ""
              }
            ],
            "creation_date": "2019-06-19T21:59:16.000Z",
            "description": "Amazon Linux 2 AMI 2.0.20190618 x86_64 HVM gp2",
            "executable_users": null,
            "filter": [
              {
                "name": "name",
                "values": [
                  "amzn2-ami-hvm-2.0.????????-x86_64-gp2"
                ]
              },
              {
                "name": "state",
                "values": [
                  "available"
                ]
              }
            ],
            "hypervisor": "xen",
            "id": "ami-0c3fd0f5d33134a76",
            "image_id": "ami-0c3fd0f5d33134a76",
            "image_location": "amazon/amzn2-ami-hvm-2.0.20190618-x86_64-gp2",
            "image_owner_alias": "amazon",
            "image_type": "machine",
            "kernel_id": null,
            "most_recent": true,
            "name": "amzn2-ami-hvm-2.0.20190618-x86_64-gp2",
            "name_regex": null,
            "owner_id": "137112412989",
            "owners": [
              "amazon"
            ],
            "platform": null,
            "product_codes": [],
            "public": true,
            "ramdisk_id": null,
            "root_device_name": "/dev/xvda",
            "root_device_type": "ebs",
            "root_snapshot_id": "snap-08a7cb489033af8c7",
            "sriov_net_support": "simple",
            "state": "available",
            "state_reason": {
              "code": "UNSET",
              "message": "UNSET"
            },
            "tags": {},
            "virtualization_type": "hvm"
          }
        }
      ]
    },
    {
      "mode": "managed",
      "type": "aws_instance",
      "name": "example",
      "provider": "provider.aws",
      "instances": [
        {
          "schema_version": 1,
          "attributes": {
            "ami": "ami-0c3fd0f5d33134a76",
            "arn": "arn:aws:ec2:ap-northeast-1:672766739817:instance/i-03a4e8a878f5bbbef",
            "associate_public_ip_address": true,
            "availability_zone": "ap-northeast-1d",
            "cpu_core_count": 1,
            "cpu_threads_per_core": 2,
            "credit_specification": [
              {
                "cpu_credits": "unlimited"
              }
            ],
            "disable_api_termination": false,
            "ebs_block_device": [],
            "ebs_optimized": false,
            "ephemeral_block_device": [],
            "get_password_data": false,
            "host_id": null,
            "iam_instance_profile": "",
            "id": "i-03a4e8a878f5bbbef",
            "instance_initiated_shutdown_behavior": null,
            "instance_state": "running",
            "instance_type": "t3.micro",
            "ipv6_address_count": 0,
            "ipv6_addresses": [],
            "key_name": "",
            "monitoring": false,
            "network_interface": [],
            "network_interface_id": null,
            "password_data": "",
            "placement_group": "",
            "primary_network_interface_id": "eni-0b75f4bb454f6c626",
            "private_dns": "ip-172-31-22-148.ap-northeast-1.compute.internal",
            "private_ip": "172.31.22.148",
            "public_dns": "ec2-3-112-97-173.ap-northeast-1.compute.amazonaws.com",
            "public_ip": "3.112.97.173",
            "root_block_device": [
              {
                "delete_on_termination": true,
                "encrypted": false,
                "iops": 100,
                "kms_key_id": "",
                "volume_id": "vol-06fc0e55830fc5fcd",
                "volume_size": 8,
                "volume_type": "gp2"
              }
            ],
            "security_groups": [
              "default"
            ],
            "source_dest_check": true,
            "subnet_id": "subnet-79b45f52",
            "tags": null,
            "tenancy": "default",
            "timeouts": {
              "create": null,
              "delete": null,
              "update": null
            },
            "user_data": null,
            "user_data_base64": null,
            "volume_tags": {},
            "vpc_security_group_ids": [
              "sg-6382f11e"
            ]
          },
          "depends_on": [
            "data.aws_ami.recent_amazon_linux_2"
          ]
        }
      ]
    }
  ]
}
